
Microsoft Visual Studio Solution File, Format Version 12.00
# Visual Studio 15
VisualStudioVersion = 15.0.28010.2036
MinimumVisualStudioVersion = 10.0.40219.1
Project("{FAE04EC0-301F-11D3-BF4B-00C04F79EFBC}") = "AOS.BusinessLayer", "AOS.BusinessLayer\AOS.BusinessLayer.csproj", "{16CEAD20-E521-4375-A5B8-BEBA9B32FA12}"
EndProject
Project("{FAE04EC0-301F-11D3-BF4B-00C04F79EFBC}") = "AOS.DataAccesslayer", "AOS.DataAccesslayer\AOS.DataAccesslayer.csproj", "{5044702C-CF85-4282-8648-34369DD9850B}"
EndProject
Project("{FAE04EC0-301F-11D3-BF4B-00C04F79EFBC}") = "AOS.DomainModel", "AOS.DomainModel\AOS.DomainModel.csproj", "{C6310604-6BC9-4D66-A89C-3C65E7DED6C3}"
EndProject
Global
	GlobalSection(SolutionConfigurationPlatforms) = preSolution
		Debug|Any CPU = Debug|Any CPU
		Release|Any CPU = Release|Any CPU
	EndGlobalSection
	GlobalSection(ProjectConfigurationPlatforms) = postSolution
		{16CEAD20-E521-4375-A5B8-BEBA9B32FA12}.Debug|Any CPU.ActiveCfg = Debug|Any CPU
		{16CEAD20-E521-4375-A5B8-BEBA9B32FA12}.Debug|Any CPU.Build.0 = Debug|Any CPU
		{16CEAD20-E521-4375-A5B8-BEBA9B32FA12}.Release|Any CPU.ActiveCfg = Release|Any CPU
		{16CEAD20-E521-4375-A5B8-BEBA9B32FA12}.Release|Any CPU.Build.0 = Release|Any CPU
		{5044702C-CF85-4282-8648-34369DD9850B}.Debug|Any CPU.ActiveCfg = Debug|Any CPU
		{5044702C-CF85-4282-8648-34369DD9850B}.Debug|Any CPU.Build.0 = Debug|Any CPU
		{5044702C-CF85-4282-8648-34369DD9850B}.Release|Any CPU.ActiveCfg = Release|Any CPU
		{5044702C-CF85-4282-8648-34369DD9850B}.Release|Any CPU.Build.0 = Release|Any CPU
		{C6310604-6BC9-4D66-A89C-3C65E7DED6C3}.Debug|Any CPU.ActiveCfg = Debug|Any CPU
		{C6310604-6BC9-4D66-A89C-3C65E7DED6C3}.Debug|Any CPU.Build.0 = Debug|Any CPU
		{C6310604-6BC9-4D66-A89C-3C65E7DED6C3}.Release|Any CPU.ActiveCfg = Release|Any CPU
		{C6310604-6BC9-4D66-A89C-3C65E7DED6C3}.Release|Any CPU.Build.0 = Release|Any CPU
	EndGlobalSection
	GlobalSection(SolutionProperties) = preSolution
		HideSolutionNode = FALSE
	EndGlobalSection
	GlobalSection(ExtensibilityGlobals) = postSolution
		SolutionGuid = {6951B319-591A-4563-BB8A-108EAE1E489A}
	EndGlobalSection
EndGlobal
